
Microsoft Visual Studio Solution File, Format Version 12.00
# Visual Studio Version 16
VisualStudioVersion = 16.0.29613.14
MinimumVisualStudioVersion = 10.0.40219.1
Project("{FAE04EC0-301F-11D3-BF4B-00C04F79EFBC}") = "Test3", "Test3\Test3.csproj", "{F74AEA2E-F688-46EE-876C-2B791D0BFD5F}"
EndProject
Global
	GlobalSection(SolutionConfigurationPlatforms) = preSolution
		Debug|Any CPU = Debug|Any CPU
		Release|Any CPU = Release|Any CPU
	EndGlobalSection
	GlobalSection(ProjectConfigurationPlatforms) = postSolution
		{F74AEA2E-F688-46EE-876C-2B791D0BFD5F}.Debug|Any CPU.ActiveCfg = Debug|Any CPU
		{F74AEA2E-F688-46EE-876C-2B791D0BFD5F}.Debug|Any CPU.Build.0 = Debug|Any CPU
		{F74AEA2E-F688-46EE-876C-2B791D0BFD5F}.Release|Any CPU.ActiveCfg = Release|Any CPU
		{F74AEA2E-F688-46EE-876C-2B791D0BFD5F}.Release|Any CPU.Build.0 = Release|Any CPU
	EndGlobalSection
	GlobalSection(SolutionProperties) = preSolution
		HideSolutionNode = FALSE
	EndGlobalSection
	GlobalSection(ExtensibilityGlobals) = postSolution
		SolutionGuid = {071E21F7-58CC-4927-9FF7-1C691716C54C}
	EndGlobalSection
EndGlobal
